
Microsoft Visual Studio Solution File, Format Version 12.00
# Visual Studio 2012
Project("{FAE04EC0-301F-11D3-BF4B-00C04F79EFBC}") = "snakebot", "snakebot\snakebot.csproj", "{53404A6B-CE7C-452B-80BA-99EC9782BD99}"
EndProject
Global
	GlobalSection(SolutionConfigurationPlatforms) = preSolution
		Debug|Any CPU = Debug|Any CPU
		Release|Any CPU = Release|Any CPU
	EndGlobalSection
	GlobalSection(ProjectConfigurationPlatforms) = postSolution
		{53404A6B-CE7C-452B-80BA-99EC9782BD99}.Debug|Any CPU.ActiveCfg = Debug|Any CPU
		{53404A6B-CE7C-452B-80BA-99EC9782BD99}.Debug|Any CPU.Build.0 = Debug|Any CPU
		{53404A6B-CE7C-452B-80BA-99EC9782BD99}.Release|Any CPU.ActiveCfg = Release|Any CPU
		{53404A6B-CE7C-452B-80BA-99EC9782BD99}.Release|Any CPU.Build.0 = Release|Any CPU
	EndGlobalSection
EndGlobal
